
Microsoft Visual Studio Solution File, Format Version 12.00
# Visual Studio Version 17
VisualStudioVersion = 17.10.34916.146
MinimumVisualStudioVersion = 10.0.40219.1
Project("{9A19103F-16F7-4668-BE54-9A1E7A4F7556}") = "Models", "Models\Models.csproj", "{0616354D-9B25-4340-82CF-2E9116E7530E}"
EndProject
Project("{9A19103F-16F7-4668-BE54-9A1E7A4F7556}") = "ApiAndreVeiculos_Cliente", "ApiAndreVeiculos_Cliente\ApiAndreVeiculos_Cliente.csproj", "{BA53D92E-4A6B-4DBF-9969-D0EF0FF7FD25}"
EndProject
Project("{9A19103F-16F7-4668-BE54-9A1E7A4F7556}") = "ApiAndreVeiculos_Funcionario", "ApiAndreVeiculos_Funcionario\ApiAndreVeiculos_Funcionario.csproj", "{F598BA0D-5A51-4287-9C02-49286B230372}"
EndProject
Project("{9A19103F-16F7-4668-BE54-9A1E7A4F7556}") = "ApiAndreVeiculos_Endereco", "ApiAndreVeiculos_Endereco\ApiAndreVeiculos_Endereco.csproj", "{C26309EB-3195-400E-B847-221DEC12E9BD}"
EndProject
Project("{9A19103F-16F7-4668-BE54-9A1E7A4F7556}") = "ApiAndreVeiculos_Carro", "ApiAndreVeiculos_Carro\ApiAndreVeiculos_Carro.csproj", "{162DEBE5-F936-4D44-A059-E5D4C35A2EE5}"
EndProject
Project("{9A19103F-16F7-4668-BE54-9A1E7A4F7556}") = "ApiAndreVeiculos_Servico", "ApiAndreVeiculos_Servico\ApiAndreVeiculos_Servico.csproj", "{A2B87639-A461-430F-83FF-CAE0C67E0C0D}"
EndProject
Project("{FAE04EC0-301F-11D3-BF4B-00C04F79EFBC}") = "ApiAndreVeiculos_CarroServico", "ApiAndreVeiculos_CarroServico\ApiAndreVeiculos_CarroServico.csproj", "{AE8C3B0B-A021-4802-84E1-BA99323B597C}"
EndProject
Project("{9A19103F-16F7-4668-BE54-9A1E7A4F7556}") = "Services", "Services\Services.csproj", "{4795E6E6-E705-4197-9DAC-1B9EE2CD18E4}"
EndProject
Project("{9A19103F-16F7-4668-BE54-9A1E7A4F7556}") = "01_ApiAndreVeiculos_Geral", "01_ApiAndreVeiculos_Geral\01_ApiAndreVeiculos_Geral.csproj", "{897AB0FC-BE19-4B3E-B940-67485ABCDF15}"
EndProject
Project("{FAE04EC0-301F-11D3-BF4B-00C04F79EFBC}") = "AndreVeiculos_Test", "AndreVeiculos_Test\AndreVeiculos_Test.csproj", "{BB6888C6-D9E7-42D3-BA7B-CDD80E0EBA8B}"
EndProject
Global
	GlobalSection(SolutionConfigurationPlatforms) = preSolution
		Debug|Any CPU = Debug|Any CPU
		Release|Any CPU = Release|Any CPU
	EndGlobalSection
	GlobalSection(ProjectConfigurationPlatforms) = postSolution
		{0616354D-9B25-4340-82CF-2E9116E7530E}.Debug|Any CPU.ActiveCfg = Debug|Any CPU
		{0616354D-9B25-4340-82CF-2E9116E7530E}.Debug|Any CPU.Build.0 = Debug|Any CPU
		{0616354D-9B25-4340-82CF-2E9116E7530E}.Release|Any CPU.ActiveCfg = Release|Any CPU
		{0616354D-9B25-4340-82CF-2E9116E7530E}.Release|Any CPU.Build.0 = Release|Any CPU
		{BA53D92E-4A6B-4DBF-9969-D0EF0FF7FD25}.Debug|Any CPU.ActiveCfg = Debug|Any CPU
		{BA53D92E-4A6B-4DBF-9969-D0EF0FF7FD25}.Debug|Any CPU.Build.0 = Debug|Any CPU
		{BA53D92E-4A6B-4DBF-9969-D0EF0FF7FD25}.Release|Any CPU.ActiveCfg = Release|Any CPU
		{BA53D92E-4A6B-4DBF-9969-D0EF0FF7FD25}.Release|Any CPU.Build.0 = Release|Any CPU
		{F598BA0D-5A51-4287-9C02-49286B230372}.Debug|Any CPU.ActiveCfg = Debug|Any CPU
		{F598BA0D-5A51-4287-9C02-49286B230372}.Debug|Any CPU.Build.0 = Debug|Any CPU
		{F598BA0D-5A51-4287-9C02-49286B230372}.Release|Any CPU.ActiveCfg = Release|Any CPU
		{F598BA0D-5A51-4287-9C02-49286B230372}.Release|Any CPU.Build.0 = Release|Any CPU
		{C26309EB-3195-400E-B847-221DEC12E9BD}.Debug|Any CPU.ActiveCfg = Debug|Any CPU
		{C26309EB-3195-400E-B847-221DEC12E9BD}.Debug|Any CPU.Build.0 = Debug|Any CPU
		{C26309EB-3195-400E-B847-221DEC12E9BD}.Release|Any CPU.ActiveCfg = Release|Any CPU
		{C26309EB-3195-400E-B847-221DEC12E9BD}.Release|Any CPU.Build.0 = Release|Any CPU
		{162DEBE5-F936-4D44-A059-E5D4C35A2EE5}.Debug|Any CPU.ActiveCfg = Debug|Any CPU
		{162DEBE5-F936-4D44-A059-E5D4C35A2EE5}.Debug|Any CPU.Build.0 = Debug|Any CPU
		{162DEBE5-F936-4D44-A059-E5D4C35A2EE5}.Release|Any CPU.ActiveCfg = Release|Any CPU
		{162DEBE5-F936-4D44-A059-E5D4C35A2EE5}.Release|Any CPU.Build.0 = Release|Any CPU
		{A2B87639-A461-430F-83FF-CAE0C67E0C0D}.Debug|Any CPU.ActiveCfg = Debug|Any CPU
		{A2B87639-A461-430F-83FF-CAE0C67E0C0D}.Debug|Any CPU.Build.0 = Debug|Any CPU
		{A2B87639-A461-430F-83FF-CAE0C67E0C0D}.Release|Any CPU.ActiveCfg = Release|Any CPU
		{A2B87639-A461-430F-83FF-CAE0C67E0C0D}.Release|Any CPU.Build.0 = Release|Any CPU
		{AE8C3B0B-A021-4802-84E1-BA99323B597C}.Debug|Any CPU.ActiveCfg = Debug|Any CPU
		{AE8C3B0B-A021-4802-84E1-BA99323B597C}.Debug|Any CPU.Build.0 = Debug|Any CPU
		{AE8C3B0B-A021-4802-84E1-BA99323B597C}.Release|Any CPU.ActiveCfg = Release|Any CPU
		{AE8C3B0B-A021-4802-84E1-BA99323B597C}.Release|Any CPU.Build.0 = Release|Any CPU
	EndGlobalSection
	GlobalSection(SolutionProperties) = preSolution
		HideSolutionNode = FALSE
	EndGlobalSection
	GlobalSection(ExtensibilityGlobals) = postSolution
		SolutionGuid = {A07368E5-D0A8-4CC7-8868-6790A2788121}
	EndGlobalSection
EndGlobal
